
Microsoft Visual Studio Solution File, Format Version 12.00
# Visual Studio 15
VisualStudioVersion = 15.0.27703.2042
MinimumVisualStudioVersion = 10.0.40219.1
Project("{A07B5EB6-E848-4116-A8D0-A826331D98C6}") = "Application4", "Application4.sfproj", "{ED65EC0C-A001-4AAA-AD53-7F73761C9803}"
EndProject
Project("{FAE04EC0-301F-11D3-BF4B-00C04F79EFBC}") = "Web2", "Service\Web2\Web2.csproj", "{637B8CA5-72CF-443E-A467-28496031625E}"
EndProject
Global
	GlobalSection(SolutionConfigurationPlatforms) = preSolution
		Debug|Any CPU = Debug|Any CPU
		Debug|x64 = Debug|x64
		Release|Any CPU = Release|Any CPU
		Release|x64 = Release|x64
	EndGlobalSection
	GlobalSection(ProjectConfigurationPlatforms) = postSolution
		{ED65EC0C-A001-4AAA-AD53-7F73761C9803}.Debug|Any CPU.ActiveCfg = Debug|x64
		{ED65EC0C-A001-4AAA-AD53-7F73761C9803}.Debug|x64.ActiveCfg = Debug|x64
		{ED65EC0C-A001-4AAA-AD53-7F73761C9803}.Debug|x64.Build.0 = Debug|x64
		{ED65EC0C-A001-4AAA-AD53-7F73761C9803}.Debug|x64.Deploy.0 = Debug|x64
		{ED65EC0C-A001-4AAA-AD53-7F73761C9803}.Release|Any CPU.ActiveCfg = Release|x64
		{ED65EC0C-A001-4AAA-AD53-7F73761C9803}.Release|x64.ActiveCfg = Release|x64
		{ED65EC0C-A001-4AAA-AD53-7F73761C9803}.Release|x64.Build.0 = Release|x64
		{ED65EC0C-A001-4AAA-AD53-7F73761C9803}.Release|x64.Deploy.0 = Release|x64
		{637B8CA5-72CF-443E-A467-28496031625E}.Debug|Any CPU.ActiveCfg = Debug|Any CPU
		{637B8CA5-72CF-443E-A467-28496031625E}.Debug|Any CPU.Build.0 = Debug|Any CPU
		{637B8CA5-72CF-443E-A467-28496031625E}.Debug|x64.ActiveCfg = Debug|Any CPU
		{637B8CA5-72CF-443E-A467-28496031625E}.Debug|x64.Build.0 = Debug|Any CPU
		{637B8CA5-72CF-443E-A467-28496031625E}.Release|Any CPU.ActiveCfg = Release|Any CPU
		{637B8CA5-72CF-443E-A467-28496031625E}.Release|Any CPU.Build.0 = Release|Any CPU
		{637B8CA5-72CF-443E-A467-28496031625E}.Release|x64.ActiveCfg = Release|Any CPU
		{637B8CA5-72CF-443E-A467-28496031625E}.Release|x64.Build.0 = Release|Any CPU
	EndGlobalSection
	GlobalSection(SolutionProperties) = preSolution
		HideSolutionNode = FALSE
	EndGlobalSection
	GlobalSection(ExtensibilityGlobals) = postSolution
		SolutionGuid = {F54D402C-80DC-4AD9-8867-ADED76921B30}
	EndGlobalSection
EndGlobal
